
Microsoft Visual Studio Solution File, Format Version 12.00
# Visual Studio Version 16
VisualStudioVersion = 16.0.29613.14
MinimumVisualStudioVersion = 10.0.40219.1
Project("{FAE04EC0-301F-11D3-BF4B-00C04F79EFBC}") = "Parasite.Controller", "Parasite.Controller\Parasite.Controller.csproj", "{C3110D8F-FC0D-436B-ABAA-CC47951456D5}"
EndProject
Project("{FAE04EC0-301F-11D3-BF4B-00C04F79EFBC}") = "Parasite.Host", "Parasite.Host\Parasite.Host.csproj", "{3C4B50FB-6494-446C-AE3B-328ADECBF480}"
EndProject
Project("{FAE04EC0-301F-11D3-BF4B-00C04F79EFBC}") = "Parasite.Common", "Parasite.Common\Parasite.Common.csproj", "{B1AC2ABA-790A-4C5C-9F36-57B53CA3C2A5}"
EndProject
Global
	GlobalSection(SolutionConfigurationPlatforms) = preSolution
		Debug|Any CPU = Debug|Any CPU
		Debug|x64 = Debug|x64
		Release|Any CPU = Release|Any CPU
		Release|x64 = Release|x64
	EndGlobalSection
	GlobalSection(ProjectConfigurationPlatforms) = postSolution
		{C3110D8F-FC0D-436B-ABAA-CC47951456D5}.Debug|Any CPU.ActiveCfg = Debug|Any CPU
		{C3110D8F-FC0D-436B-ABAA-CC47951456D5}.Debug|Any CPU.Build.0 = Debug|Any CPU
		{C3110D8F-FC0D-436B-ABAA-CC47951456D5}.Debug|x64.ActiveCfg = Debug|Any CPU
		{C3110D8F-FC0D-436B-ABAA-CC47951456D5}.Debug|x64.Build.0 = Debug|Any CPU
		{C3110D8F-FC0D-436B-ABAA-CC47951456D5}.Release|Any CPU.ActiveCfg = Release|Any CPU
		{C3110D8F-FC0D-436B-ABAA-CC47951456D5}.Release|Any CPU.Build.0 = Release|Any CPU
		{C3110D8F-FC0D-436B-ABAA-CC47951456D5}.Release|x64.ActiveCfg = Release|Any CPU
		{C3110D8F-FC0D-436B-ABAA-CC47951456D5}.Release|x64.Build.0 = Release|Any CPU
		{3C4B50FB-6494-446C-AE3B-328ADECBF480}.Debug|Any CPU.ActiveCfg = Debug|Any CPU
		{3C4B50FB-6494-446C-AE3B-328ADECBF480}.Debug|Any CPU.Build.0 = Debug|Any CPU
		{3C4B50FB-6494-446C-AE3B-328ADECBF480}.Debug|x64.ActiveCfg = Debug|x64
		{3C4B50FB-6494-446C-AE3B-328ADECBF480}.Debug|x64.Build.0 = Debug|x64
		{3C4B50FB-6494-446C-AE3B-328ADECBF480}.Release|Any CPU.ActiveCfg = Release|Any CPU
		{3C4B50FB-6494-446C-AE3B-328ADECBF480}.Release|Any CPU.Build.0 = Release|Any CPU
		{3C4B50FB-6494-446C-AE3B-328ADECBF480}.Release|x64.ActiveCfg = Release|x64
		{3C4B50FB-6494-446C-AE3B-328ADECBF480}.Release|x64.Build.0 = Release|x64
		{B1AC2ABA-790A-4C5C-9F36-57B53CA3C2A5}.Debug|Any CPU.ActiveCfg = Debug|Any CPU
		{B1AC2ABA-790A-4C5C-9F36-57B53CA3C2A5}.Debug|Any CPU.Build.0 = Debug|Any CPU
		{B1AC2ABA-790A-4C5C-9F36-57B53CA3C2A5}.Debug|x64.ActiveCfg = Debug|Any CPU
		{B1AC2ABA-790A-4C5C-9F36-57B53CA3C2A5}.Debug|x64.Build.0 = Debug|Any CPU
		{B1AC2ABA-790A-4C5C-9F36-57B53CA3C2A5}.Release|Any CPU.ActiveCfg = Release|Any CPU
		{B1AC2ABA-790A-4C5C-9F36-57B53CA3C2A5}.Release|Any CPU.Build.0 = Release|Any CPU
		{B1AC2ABA-790A-4C5C-9F36-57B53CA3C2A5}.Release|x64.ActiveCfg = Release|Any CPU
		{B1AC2ABA-790A-4C5C-9F36-57B53CA3C2A5}.Release|x64.Build.0 = Release|Any CPU
	EndGlobalSection
	GlobalSection(SolutionProperties) = preSolution
		HideSolutionNode = FALSE
	EndGlobalSection
	GlobalSection(ExtensibilityGlobals) = postSolution
		SolutionGuid = {6AF948EC-C67B-494A-B720-FA8AF580407D}
	EndGlobalSection
EndGlobal
